{
  "nodes": {
    "coq-ext-lib-src": {
      "flake": false,
      "locked": {
        "lastModified": 1649233541,
        "narHash": "sha256-OTwR8QFG7whu4wIO03rwgvrlRgP7KOA83Y8zw1trUSM=",
        "owner": "snu-sf",
        "repo": "coq-ext-lib",
        "rev": "5a9ba6ba4ad011a8aee2435359d989d7d372ceeb",
        "type": "github"
      },
      "original": {
        "owner": "snu-sf",
        "ref": "poly",
        "repo": "coq-ext-lib",
        "type": "github"
      }
    },
    "flake-utils": {
      "locked": {
        "lastModified": 1659877975,
        "narHash": "sha256-zllb8aq3YO3h8B/U0/J1WBgAL8EX5yWf5pMj3G0NAmc=",
        "owner": "numtide",
        "repo": "flake-utils",
        "rev": "c0e246b9b83f637f4681389ecabcb2681b4f3af0",
        "type": "github"
      },
      "original": {
        "owner": "numtide",
        "repo": "flake-utils",
        "type": "github"
      }
    },
    "itree-src": {
      "flake": false,
      "locked": {
        "lastModified": 1615825086,
        "narHash": "sha256-VcuIBDjNIeEqFLevhPKrtx45DYLsBdwhEcxrRJuFuUA=",
        "owner": "DeepSpec",
        "repo": "InteractionTrees",
        "rev": "7095b0fb0e1371a233c54ec5b3b6a0118ec65d07",
        "type": "github"
      },
      "original": {
        "owner": "DeepSpec",
        "ref": "4.0.0",
        "repo": "InteractionTrees",
        "type": "github"
      }
    },
    "nixpkgs": {
      "locked": {
        "lastModified": 1664017330,
        "narHash": "sha256-919WZKBTxFdTkzIK6uJXE7hwSPQb7e/ekybxxWaotR4=",
        "owner": "NixOS",
        "repo": "nixpkgs",
        "rev": "fde244a8c7655bc28616864e2290ad9c95409c2c",
        "type": "github"
      },
      "original": {
        "owner": "NixOS",
        "ref": "nixos-unstable",
        "repo": "nixpkgs",
        "type": "github"
      }
    },
    "ordinal-src": {
      "flake": false,
      "locked": {
        "lastModified": 1648429484,
        "narHash": "sha256-jf16EyLAnKm+42K+gTTHVFJqeOVQfIY2ozbxIs5x5DE=",
        "owner": "minkiminki",
        "repo": "Ordinal",
        "rev": "400831ee977ede030ddf35bf52f1e90418ddf52e",
        "type": "github"
      },
      "original": {
        "owner": "minkiminki",
        "ref": "main",
        "repo": "Ordinal",
        "type": "github"
      }
    },
    "promising-lib-src": {
      "flake": false,
      "locked": {
        "lastModified": 1662340093,
        "narHash": "sha256-dxUCdLJFwkF+8YtPQjIynRcsFm3hCFPYEKDCp1Peeg0=",
        "owner": "snu-sf",
        "repo": "promising-lib",
        "rev": "2d00a7e78fc1aacb1c68c636550764cc04214ce9",
        "type": "github"
      },
      "original": {
        "owner": "snu-sf",
        "ref": "8.15",
        "repo": "promising-lib",
        "type": "github"
      }
    },
    "promising-seq-src": {
      "flake": false,
      "locked": {
        "lastModified": 1667813823,
        "narHash": "sha256-kt+xE0G0SLQt4X1uKuODPaPZfBE/RYQkkuTT85i/cYE=",
        "owner": "snu-sf",
        "repo": "promising-seq-coq",
        "rev": "4c962f1810d6a55b19d13b1350e18c80113b146d",
        "type": "github"
      },
      "original": {
        "owner": "snu-sf",
        "ref": "main",
        "repo": "promising-seq-coq",
        "type": "github"
      }
    },
    "root": {
      "inputs": {
        "coq-ext-lib-src": "coq-ext-lib-src",
        "flake-utils": "flake-utils",
        "itree-src": "itree-src",
        "nixpkgs": "nixpkgs",
        "ordinal-src": "ordinal-src",
        "promising-lib-src": "promising-lib-src",
        "promising-seq-src": "promising-seq-src",
        "sflib-src": "sflib-src"
      }
    },
    "sflib-src": {
      "flake": false,
      "locked": {
        "lastModified": 1646379221,
        "narHash": "sha256-S0b5YxTu5uJaLIntkioxdqVjDbimupw5/pyIV+Z6M7M=",
        "owner": "snu-sf",
        "repo": "sflib",
        "rev": "2203ecc62fef14c2204f10329f2cc85f5bc4f108",
        "type": "github"
      },
      "original": {
        "owner": "snu-sf",
        "ref": "master",
        "repo": "sflib",
        "type": "github"
      }
    }
  },
  "root": "root",
  "version": 7
}
